
Microsoft Visual Studio Solution File, Format Version 12.00
# Visual Studio 15
Project("{FAE04EC0-301F-11D3-BF4B-00C04F79EFBC}") = "Assembly-CSharp", "Assembly-CSharp.csproj", "{8F97F1C7-120C-11F7-75A9-01057DEDE5E4}"
EndProject
Project("{FAE04EC0-301F-11D3-BF4B-00C04F79EFBC}") = "Assembly-CSharp-Editor", "Assembly-CSharp-Editor.csproj", "{F7D38DCD-A048-C473-9CE7-A371FACEF4D8}"
EndProject
Global
	GlobalSection(SolutionConfigurationPlatforms) = preSolution
		Debug|Any CPU = Debug|Any CPU
		Release|Any CPU = Release|Any CPU
	EndGlobalSection
	GlobalSection(ProjectConfigurationPlatforms) = postSolution
		{8F97F1C7-120C-11F7-75A9-01057DEDE5E4}.Debug|Any CPU.ActiveCfg = Debug|Any CPU
		{8F97F1C7-120C-11F7-75A9-01057DEDE5E4}.Debug|Any CPU.Build.0 = Debug|Any CPU
		{8F97F1C7-120C-11F7-75A9-01057DEDE5E4}.Release|Any CPU.ActiveCfg = Release|Any CPU
		{8F97F1C7-120C-11F7-75A9-01057DEDE5E4}.Release|Any CPU.Build.0 = Release|Any CPU
		{F7D38DCD-A048-C473-9CE7-A371FACEF4D8}.Debug|Any CPU.ActiveCfg = Debug|Any CPU
		{F7D38DCD-A048-C473-9CE7-A371FACEF4D8}.Debug|Any CPU.Build.0 = Debug|Any CPU
		{F7D38DCD-A048-C473-9CE7-A371FACEF4D8}.Release|Any CPU.ActiveCfg = Release|Any CPU
		{F7D38DCD-A048-C473-9CE7-A371FACEF4D8}.Release|Any CPU.Build.0 = Release|Any CPU
	EndGlobalSection
	GlobalSection(SolutionProperties) = preSolution
		HideSolutionNode = FALSE
	EndGlobalSection
EndGlobal
